{
  "name": "website-new",
  "lockfileVersion": 3,
  "requires": true,
  "packages": {
    "": {
      "dependencies": {
        "retypeapp": "^3.7.0"
      }
    },
    "node_modules/retypeapp": {
      "version": "3.7.0",
      "resolved": "https://registry.npmjs.org/retypeapp/-/retypeapp-3.7.0.tgz",
      "integrity": "sha512-ssIWm3bBtHvQXSWWpo/DlwEJ4Ajc1CmVa17cs5vSKVDTnY+nQopq3J+0+aHYKfg5UfGKg43CdgoLoP+VSqTdZw==",
      "license": "See LICENSE IN LICENSE",
      "bin": {
        "retype": "retype.js"
      }
    }
  }
}
